
Microsoft Visual Studio Solution File, Format Version 12.00
# Visual Studio Version 17
VisualStudioVersion = 17.0.31903.59
MinimumVisualStudioVersion = 10.0.40219.1
Project("{2150E333-8FDC-42A3-9474-1A3956D46DE8}") = "src", "src", "{827E0CD3-B72D-47B6-A68D-7590B98EB39B}"
EndProject
Project("{FAE04EC0-301F-11D3-BF4B-00C04F79EFBC}") = "FleetMaintenanceIntelligence.Domain", "src\FleetMaintenanceIntelligence.Domain\FleetMaintenanceIntelligence.Domain.csproj", "{EFA61027-A341-47B2-9106-EC43ACB0D3C3}"
EndProject
Project("{FAE04EC0-301F-11D3-BF4B-00C04F79EFBC}") = "FleetMaintenanceIntelligence.Application", "src\FleetMaintenanceIntelligence.Application\FleetMaintenanceIntelligence.Application.csproj", "{9A380CFF-6CDA-47FB-AB84-17B690C51C90}"
EndProject
Global
	GlobalSection(SolutionConfigurationPlatforms) = preSolution
		Debug|Any CPU = Debug|Any CPU
		Debug|x64 = Debug|x64
		Debug|x86 = Debug|x86
		Release|Any CPU = Release|Any CPU
		Release|x64 = Release|x64
		Release|x86 = Release|x86
	EndGlobalSection
	GlobalSection(ProjectConfigurationPlatforms) = postSolution
		{EFA61027-A341-47B2-9106-EC43ACB0D3C3}.Debug|Any CPU.ActiveCfg = Debug|Any CPU
		{EFA61027-A341-47B2-9106-EC43ACB0D3C3}.Debug|Any CPU.Build.0 = Debug|Any CPU
		{EFA61027-A341-47B2-9106-EC43ACB0D3C3}.Debug|x64.ActiveCfg = Debug|Any CPU
		{EFA61027-A341-47B2-9106-EC43ACB0D3C3}.Debug|x64.Build.0 = Debug|Any CPU
		{EFA61027-A341-47B2-9106-EC43ACB0D3C3}.Debug|x86.ActiveCfg = Debug|Any CPU
		{EFA61027-A341-47B2-9106-EC43ACB0D3C3}.Debug|x86.Build.0 = Debug|Any CPU
		{EFA61027-A341-47B2-9106-EC43ACB0D3C3}.Release|Any CPU.ActiveCfg = Release|Any CPU
		{EFA61027-A341-47B2-9106-EC43ACB0D3C3}.Release|Any CPU.Build.0 = Release|Any CPU
		{EFA61027-A341-47B2-9106-EC43ACB0D3C3}.Release|x64.ActiveCfg = Release|Any CPU
		{EFA61027-A341-47B2-9106-EC43ACB0D3C3}.Release|x64.Build.0 = Release|Any CPU
		{EFA61027-A341-47B2-9106-EC43ACB0D3C3}.Release|x86.ActiveCfg = Release|Any CPU
		{EFA61027-A341-47B2-9106-EC43ACB0D3C3}.Release|x86.Build.0 = Release|Any CPU
		{9A380CFF-6CDA-47FB-AB84-17B690C51C90}.Debug|Any CPU.ActiveCfg = Debug|Any CPU
		{9A380CFF-6CDA-47FB-AB84-17B690C51C90}.Debug|Any CPU.Build.0 = Debug|Any CPU
		{9A380CFF-6CDA-47FB-AB84-17B690C51C90}.Debug|x64.ActiveCfg = Debug|Any CPU
		{9A380CFF-6CDA-47FB-AB84-17B690C51C90}.Debug|x64.Build.0 = Debug|Any CPU
		{9A380CFF-6CDA-47FB-AB84-17B690C51C90}.Debug|x86.ActiveCfg = Debug|Any CPU
		{9A380CFF-6CDA-47FB-AB84-17B690C51C90}.Debug|x86.Build.0 = Debug|Any CPU
		{9A380CFF-6CDA-47FB-AB84-17B690C51C90}.Release|Any CPU.ActiveCfg = Release|Any CPU
		{9A380CFF-6CDA-47FB-AB84-17B690C51C90}.Release|Any CPU.Build.0 = Release|Any CPU
		{9A380CFF-6CDA-47FB-AB84-17B690C51C90}.Release|x64.ActiveCfg = Release|Any CPU
		{9A380CFF-6CDA-47FB-AB84-17B690C51C90}.Release|x64.Build.0 = Release|Any CPU
		{9A380CFF-6CDA-47FB-AB84-17B690C51C90}.Release|x86.ActiveCfg = Release|Any CPU
		{9A380CFF-6CDA-47FB-AB84-17B690C51C90}.Release|x86.Build.0 = Release|Any CPU
	EndGlobalSection
	GlobalSection(SolutionProperties) = preSolution
		HideSolutionNode = FALSE
	EndGlobalSection
	GlobalSection(NestedProjects) = preSolution
		{EFA61027-A341-47B2-9106-EC43ACB0D3C3} = {827E0CD3-B72D-47B6-A68D-7590B98EB39B}
		{9A380CFF-6CDA-47FB-AB84-17B690C51C90} = {827E0CD3-B72D-47B6-A68D-7590B98EB39B}
	EndGlobalSection
EndGlobal
